
Microsoft Visual Studio Solution File, Format Version 12.00
# Visual Studio Version 17
VisualStudioVersion = 17.2.32526.322
MinimumVisualStudioVersion = 10.0.40219.1
Project("{FAE04EC0-301F-11D3-BF4B-00C04F79EFBC}") = "ConsoleApp11", "ConsoleApp11\ConsoleApp11.csproj", "{2DC0A55D-62C6-4C2B-941C-041C1125B06D}"
EndProject
Global
	GlobalSection(SolutionConfigurationPlatforms) = preSolution
		Debug|Any CPU = Debug|Any CPU
		Release|Any CPU = Release|Any CPU
	EndGlobalSection
	GlobalSection(ProjectConfigurationPlatforms) = postSolution
		{2DC0A55D-62C6-4C2B-941C-041C1125B06D}.Debug|Any CPU.ActiveCfg = Debug|Any CPU
		{2DC0A55D-62C6-4C2B-941C-041C1125B06D}.Debug|Any CPU.Build.0 = Debug|Any CPU
		{2DC0A55D-62C6-4C2B-941C-041C1125B06D}.Release|Any CPU.ActiveCfg = Release|Any CPU
		{2DC0A55D-62C6-4C2B-941C-041C1125B06D}.Release|Any CPU.Build.0 = Release|Any CPU
	EndGlobalSection
	GlobalSection(SolutionProperties) = preSolution
		HideSolutionNode = FALSE
	EndGlobalSection
	GlobalSection(ExtensibilityGlobals) = postSolution
		SolutionGuid = {A433E5BB-F4B5-47D8-ADA5-6068CF26F137}
	EndGlobalSection
EndGlobal
